<Solution>
  <Folder Name="/Solution Items/">
    <File Path="docs/superpowers/specs/2026-09-26-search-dashboard-design.md" />
  </Folder>
  <Folder Name="/src/">
    <Project Path="D:/Programming/0.Practice/DATABASES/SearchProjectDb/SearchDB/Domain.Tests/Domain.Tests.csproj" />
    <Project Path="D:/Programming/0.Practice/DATABASES/SearchProjectDb/SearchDB/Domain/Domain.csproj" />
    <Project Path="D:/Programming/0.Practice/DATABASES/SearchProjectDb/SearchDB/SearchDB.Api.Tests/SearchDB.Api.Tests.csproj" />
    <Project Path="D:/Programming/0.Practice/DATABASES/SearchProjectDb/SearchDB/SearchDB.Api/SearchDB.Api.csproj" />
    <Project Path="D:/Programming/0.Practice/DATABASES/SearchProjectDb/SearchDB/SearchDB.Application.Tests/SearchDB.Application.Tests.csproj" />
    <Project Path="D:/Programming/0.Practice/DATABASES/SearchProjectDb/SearchDB/SearchDB.Application/SearchDB.Application.csproj" />
    <Project Path="D:/Programming/0.Practice/DATABASES/SearchProjectDb/SearchDB/SearchDB.Infrastructure.Mongo.Tests/SearchDB.Infrastructure.Mongo.Tests.csproj" />
    <Project Path="D:/Programming/0.Practice/DATABASES/SearchProjectDb/SearchDB/SearchDB.Infrastructure.Mongo/SearchDB.Infrastructure.Mongo.csproj" />
    <Project Path="D:/Programming/0.Practice/DATABASES/SearchProjectDb/SearchDB/SearchDB.Infrastructure.Postgres.Tests/SearchDB.Infrastructure.Postgres.Tests.csproj" />
    <Project Path="D:/Programming/0.Practice/DATABASES/SearchProjectDb/SearchDB/SearchDB.Infrastructure.Postgres/SearchDB.Infrastructure.Postgres.csproj" />
    <Project Path="D:/Programming/0.Practice/DATABASES/SearchProjectDb/SearchDB/SearchDB.SeedData/SearchDB.SeedData.csproj" />
  </Folder>
  <Project Path="D:/Programming/0.Practice/DATABASES/SearchProjectDb/SearchDB/SearchDB.AppHost/SearchDB.AppHost.csproj" />
  <Project Path="D:/Programming/0.Practice/DATABASES/SearchProjectDb/SearchDB/SearchDB.ServiceDefaults/SearchDB.ServiceDefaults.csproj" />
</Solution>
